
Microsoft Visual Studio Solution File, Format Version 12.00
# Visual Studio Version 16
VisualStudioVersion = 16.0.29911.84
MinimumVisualStudioVersion = 10.0.40219.1
Project("{FAE04EC0-301F-11D3-BF4B-00C04F79EFBC}") = "Diaspark (Core)", "Diaspark (Core).csproj", "{BE84629C-A149-4AA8-AD06-A56E42239726}"
EndProject
Global
	GlobalSection(SolutionConfigurationPlatforms) = preSolution
		Debug|Any CPU = Debug|Any CPU
		Release|Any CPU = Release|Any CPU
	EndGlobalSection
	GlobalSection(ProjectConfigurationPlatforms) = postSolution
		{BE84629C-A149-4AA8-AD06-A56E42239726}.Debug|Any CPU.ActiveCfg = Debug|Any CPU
		{BE84629C-A149-4AA8-AD06-A56E42239726}.Debug|Any CPU.Build.0 = Debug|Any CPU
		{BE84629C-A149-4AA8-AD06-A56E42239726}.Release|Any CPU.ActiveCfg = Release|Any CPU
		{BE84629C-A149-4AA8-AD06-A56E42239726}.Release|Any CPU.Build.0 = Release|Any CPU
	EndGlobalSection
	GlobalSection(SolutionProperties) = preSolution
		HideSolutionNode = FALSE
	EndGlobalSection
	GlobalSection(ExtensibilityGlobals) = postSolution
		SolutionGuid = {E14D2030-0127-4CCD-9B10-6C3AF01C4372}
	EndGlobalSection
EndGlobal
